
Microsoft Visual Studio Solution File, Format Version 12.00
# Visual Studio 15
VisualStudioVersion = 15.0.28010.2016
MinimumVisualStudioVersion = 10.0.40219.1
Project("{FAE04EC0-301F-11D3-BF4B-00C04F79EFBC}") = "homework_two", "homework_two\homework_two.csproj", "{828156BF-31B5-42F4-9B5D-E586814CE506}"
EndProject
Global
	GlobalSection(SolutionConfigurationPlatforms) = preSolution
		Debug|Any CPU = Debug|Any CPU
		Release|Any CPU = Release|Any CPU
	EndGlobalSection
	GlobalSection(ProjectConfigurationPlatforms) = postSolution
		{828156BF-31B5-42F4-9B5D-E586814CE506}.Debug|Any CPU.ActiveCfg = Debug|Any CPU
		{828156BF-31B5-42F4-9B5D-E586814CE506}.Debug|Any CPU.Build.0 = Debug|Any CPU
		{828156BF-31B5-42F4-9B5D-E586814CE506}.Release|Any CPU.ActiveCfg = Release|Any CPU
		{828156BF-31B5-42F4-9B5D-E586814CE506}.Release|Any CPU.Build.0 = Release|Any CPU
	EndGlobalSection
	GlobalSection(SolutionProperties) = preSolution
		HideSolutionNode = FALSE
	EndGlobalSection
	GlobalSection(ExtensibilityGlobals) = postSolution
		SolutionGuid = {8D300C58-4B16-4BA9-AA3C-E7B66B9A5E78}
	EndGlobalSection
EndGlobal
